
Microsoft Visual Studio Solution File, Format Version 12.00
# Visual Studio Version 17
VisualStudioVersion = 17.3.32929.385
MinimumVisualStudioVersion = 10.0.40219.1
Project("{FAE04EC0-301F-11D3-BF4B-00C04F79EFBC}") = "GoogleLoginTest", "GoogleLoginTest\GoogleLoginTest.csproj", "{81DE6964-E218-431A-9D9C-73E7FC2C41C9}"
EndProject
Global
	GlobalSection(SolutionConfigurationPlatforms) = preSolution
		Debug|Any CPU = Debug|Any CPU
		Release|Any CPU = Release|Any CPU
	EndGlobalSection
	GlobalSection(ProjectConfigurationPlatforms) = postSolution
		{81DE6964-E218-431A-9D9C-73E7FC2C41C9}.Debug|Any CPU.ActiveCfg = Debug|Any CPU
		{81DE6964-E218-431A-9D9C-73E7FC2C41C9}.Debug|Any CPU.Build.0 = Debug|Any CPU
		{81DE6964-E218-431A-9D9C-73E7FC2C41C9}.Release|Any CPU.ActiveCfg = Release|Any CPU
		{81DE6964-E218-431A-9D9C-73E7FC2C41C9}.Release|Any CPU.Build.0 = Release|Any CPU
	EndGlobalSection
	GlobalSection(SolutionProperties) = preSolution
		HideSolutionNode = FALSE
	EndGlobalSection
	GlobalSection(ExtensibilityGlobals) = postSolution
		SolutionGuid = {D7C35955-581F-448C-8E47-D629B8D3CA07}
	EndGlobalSection
EndGlobal
